
Microsoft Visual Studio Solution File, Format Version 12.00
Project("{FAE04EC0-301F-11D3-BF4B-00C04F79EFBC}") = "ByndyusoftBackendTask", "ByndyusoftBackendTask\ByndyusoftBackendTask.csproj", "{AE1D42C7-4081-4648-8D78-0FDF06CC6ECC}"
EndProject
Project("{FAE04EC0-301F-11D3-BF4B-00C04F79EFBC}") = "ByndyusoftBackendTask.Tests", "ByndyusoftBackendTask.Tests\ByndyusoftBackendTask.Tests.csproj", "{C088C929-29C0-49A9-9A7F-4A10C82669D0}"
EndProject
Global
	GlobalSection(SolutionConfigurationPlatforms) = preSolution
		Debug|Any CPU = Debug|Any CPU
		Release|Any CPU = Release|Any CPU
	EndGlobalSection
	GlobalSection(ProjectConfigurationPlatforms) = postSolution
		{AE1D42C7-4081-4648-8D78-0FDF06CC6ECC}.Debug|Any CPU.ActiveCfg = Debug|Any CPU
		{AE1D42C7-4081-4648-8D78-0FDF06CC6ECC}.Debug|Any CPU.Build.0 = Debug|Any CPU
		{AE1D42C7-4081-4648-8D78-0FDF06CC6ECC}.Release|Any CPU.ActiveCfg = Release|Any CPU
		{AE1D42C7-4081-4648-8D78-0FDF06CC6ECC}.Release|Any CPU.Build.0 = Release|Any CPU
		{C088C929-29C0-49A9-9A7F-4A10C82669D0}.Debug|Any CPU.ActiveCfg = Debug|Any CPU
		{C088C929-29C0-49A9-9A7F-4A10C82669D0}.Debug|Any CPU.Build.0 = Debug|Any CPU
		{C088C929-29C0-49A9-9A7F-4A10C82669D0}.Release|Any CPU.ActiveCfg = Release|Any CPU
		{C088C929-29C0-49A9-9A7F-4A10C82669D0}.Release|Any CPU.Build.0 = Release|Any CPU
	EndGlobalSection
EndGlobal
